
Microsoft Visual Studio Solution File, Format Version 12.00
# Visual Studio 15
VisualStudioVersion = 15.0.26124.0
MinimumVisualStudioVersion = 15.0.26124.0
Project("{2150E333-8FDC-42A3-9474-1A3956D46DE8}") = "src", "src", "{88CA3BF9-EA67-411C-9C6B-C751776E1866}"
EndProject
Project("{FAE04EC0-301F-11D3-BF4B-00C04F79EFBC}") = "NPost.Shared", "src\NPost.Shared\NPost.Shared.csproj", "{5BF0FE65-2368-4358-9E5B-898148BA7439}"
EndProject
Project("{FAE04EC0-301F-11D3-BF4B-00C04F79EFBC}") = "NPost", "src\NPost\NPost.csproj", "{B8392BC3-A0A8-4F15-A89D-F298DAF612B7}"
EndProject
Project("{2150E333-8FDC-42A3-9474-1A3956D46DE8}") = "Deliveries", "Deliveries", "{D94C04D0-D7B1-4548-86D5-66F49C1F1407}"
EndProject
Project("{FAE04EC0-301F-11D3-BF4B-00C04F79EFBC}") = "NPost.Modules.Deliveries", "src\Deliveries\NPost.Modules.Deliveries\NPost.Modules.Deliveries.csproj", "{D62A0348-9F66-4260-8F71-EEEFEBC0A79A}"
EndProject
Project("{2150E333-8FDC-42A3-9474-1A3956D46DE8}") = "Parcels", "Parcels", "{D43D14A1-3898-4486-9A66-70E646EE25AB}"
EndProject
Project("{FAE04EC0-301F-11D3-BF4B-00C04F79EFBC}") = "NPost.Modules.Parcels", "src\Parcels\NPost.Modules.Parcels\NPost.Modules.Parcels.csproj", "{47102F2E-FDB1-4C27-9DA3-54586E63282F}"
EndProject
Project("{2150E333-8FDC-42A3-9474-1A3956D46DE8}") = "Routing", "Routing", "{5C3D530B-AA45-471A-8B86-B7310C99192E}"
EndProject
Project("{FAE04EC0-301F-11D3-BF4B-00C04F79EFBC}") = "NPost.Modules.Routing", "src\Routing\NPost.Modules.Routing\NPost.Modules.Routing.csproj", "{12DF9559-52D6-4D6C-9E52-D4C190BFC9F0}"
EndProject
Project("{FAE04EC0-301F-11D3-BF4B-00C04F79EFBC}") = "NPost.Modules.Parcels.Shared", "src\Parcels\NPost.Modules.Parcels.Shared\NPost.Modules.Parcels.Shared.csproj", "{DE9ED7E9-AA6F-43C5-8BF1-7019E9862027}"
EndProject
Project("{FAE04EC0-301F-11D3-BF4B-00C04F79EFBC}") = "NPost.Modules.Deliveries.Shared", "src\Deliveries\NPost.Modules.Deliveries.Shared\NPost.Modules.Deliveries.Shared.csproj", "{5FA1E713-8883-480D-B98F-B440571B2FC8}"
EndProject
Project("{FAE04EC0-301F-11D3-BF4B-00C04F79EFBC}") = "NPost.Modules.Routing.Shared", "src\Routing\NPost.Modules.Routing.Shared\NPost.Modules.Routing.Shared.csproj", "{96144AA9-567A-4216-8DE7-303FC159CE66}"
EndProject
Project("{FAE04EC0-301F-11D3-BF4B-00C04F79EFBC}") = "NPost.Modules.Deliveries.Core", "src\Deliveries\NPost.Modules.Deliveries.Core\NPost.Modules.Deliveries.Core.csproj", "{604A07E2-669E-4FD0-B1B1-C0BA8045F322}"
EndProject
Project("{FAE04EC0-301F-11D3-BF4B-00C04F79EFBC}") = "NPost.Modules.Deliveries.Application", "src\Deliveries\NPost.Modules.Deliveries.Application\NPost.Modules.Deliveries.Application.csproj", "{86F83CE7-79BE-4A29-940B-D8E2FA3E0F24}"
EndProject
Project("{FAE04EC0-301F-11D3-BF4B-00C04F79EFBC}") = "NPost.Modules.Deliveries.Infrastructure", "src\Deliveries\NPost.Modules.Deliveries.Infrastructure\NPost.Modules.Deliveries.Infrastructure.csproj", "{AD5E4D41-EEB0-4DEC-B25C-110E6E1F1095}"
EndProject
Project("{FAE04EC0-301F-11D3-BF4B-00C04F79EFBC}") = "NPost.Modules.Parcels.Core", "src\Parcels\NPost.Modules.Parcels.Core\NPost.Modules.Parcels.Core.csproj", "{78A60F81-EAF4-4D92-B1F8-3712128B1E70}"
EndProject
Project("{FAE04EC0-301F-11D3-BF4B-00C04F79EFBC}") = "NPost.Modules.Support", "src\Support\NPost.Modules.Support\NPost.Modules.Support.csproj", "{8B447D9D-2BC6-488A-AE6D-A70493B7E453}"
EndProject
Project("{2150E333-8FDC-42A3-9474-1A3956D46DE8}") = "Support", "Support", "{7A77E506-AF21-4F7B-8613-0EA441C8BEC4}"
EndProject
Project("{FAE04EC0-301F-11D3-BF4B-00C04F79EFBC}") = "NPost.Modules.Users", "src\Users\NPost.Modules.Users\NPost.Modules.Users.csproj", "{E15A8DB8-BD05-4707-BDAF-2D69D55551E7}"
EndProject
Project("{2150E333-8FDC-42A3-9474-1A3956D46DE8}") = "Users", "Users", "{0756CA20-A080-45D1-B36B-9E83AE53DF18}"
EndProject
Project("{FAE04EC0-301F-11D3-BF4B-00C04F79EFBC}") = "NPost.Modules.Users.Shared", "src\Users\NPost.Modules.Users.Shared\NPost.Modules.Users.Shared.csproj", "{D365B826-9D6D-478D-814B-4A278388EE30}"
EndProject
Project("{FAE04EC0-301F-11D3-BF4B-00C04F79EFBC}") = "NPost.Tests", "tests\NPost.Tests\NPost.Tests.csproj", "{9BE06C87-4E75-47B8-B1C6-C982C5B23F49}"
EndProject
Project("{2150E333-8FDC-42A3-9474-1A3956D46DE8}") = "tests", "tests", "{7817B3F3-166F-4226-A208-51A7BB2DCB3C}"
EndProject
Project("{FAE04EC0-301F-11D3-BF4B-00C04F79EFBC}") = "NPost.Modules.Deliveries.Tests", "src\Deliveries\NPost.Modules.Deliveries.Tests\NPost.Modules.Deliveries.Tests.csproj", "{991AEBA5-B07B-466F-A891-0A9E6D98A55D}"
EndProject
Project("{FAE04EC0-301F-11D3-BF4B-00C04F79EFBC}") = "NPost.Tests.Integration", "tests\NPost.Tests.Integration\NPost.Tests.Integration.csproj", "{2BE477E9-FA10-4053-865B-2CAF1CC880CE}"
EndProject
Project("{FAE04EC0-301F-11D3-BF4B-00C04F79EFBC}") = "NPost.Modules.Deliveries.Tests.Integration", "src\Deliveries\NPost.Modules.Deliveries.Tests.Integration\NPost.Modules.Deliveries.Tests.Integration.csproj", "{73C41C7F-EEFF-454A-BDA4-6D8271EE2DA1}"
EndProject
Project("{FAE04EC0-301F-11D3-BF4B-00C04F79EFBC}") = "NPost.Modules.Parcels.Tests", "src\Parcels\NPost.Modules.Parcels.Tests\NPost.Modules.Parcels.Tests.csproj", "{7713270B-201B-462B-A234-CD26C39A2086}"
EndProject
Project("{FAE04EC0-301F-11D3-BF4B-00C04F79EFBC}") = "NPost.Modules.Parcels.Tests.Integration", "src\Parcels\NPost.Modules.Parcels.Tests.Integration\NPost.Modules.Parcels.Tests.Integration.csproj", "{36D0D04A-7F45-4495-879E-DFDE1FBF6C70}"
EndProject
Global
	GlobalSection(SolutionConfigurationPlatforms) = preSolution
		Debug|Any CPU = Debug|Any CPU
		Debug|x64 = Debug|x64
		Debug|x86 = Debug|x86
		Release|Any CPU = Release|Any CPU
		Release|x64 = Release|x64
		Release|x86 = Release|x86
	EndGlobalSection
	GlobalSection(SolutionProperties) = preSolution
		HideSolutionNode = FALSE
	EndGlobalSection
	GlobalSection(ProjectConfigurationPlatforms) = postSolution
		{5BF0FE65-2368-4358-9E5B-898148BA7439}.Debug|Any CPU.ActiveCfg = Debug|Any CPU
		{5BF0FE65-2368-4358-9E5B-898148BA7439}.Debug|Any CPU.Build.0 = Debug|Any CPU
		{5BF0FE65-2368-4358-9E5B-898148BA7439}.Debug|x64.ActiveCfg = Debug|Any CPU
		{5BF0FE65-2368-4358-9E5B-898148BA7439}.Debug|x64.Build.0 = Debug|Any CPU
		{5BF0FE65-2368-4358-9E5B-898148BA7439}.Debug|x86.ActiveCfg = Debug|Any CPU
		{5BF0FE65-2368-4358-9E5B-898148BA7439}.Debug|x86.Build.0 = Debug|Any CPU
		{5BF0FE65-2368-4358-9E5B-898148BA7439}.Release|Any CPU.ActiveCfg = Release|Any CPU
		{5BF0FE65-2368-4358-9E5B-898148BA7439}.Release|Any CPU.Build.0 = Release|Any CPU
		{5BF0FE65-2368-4358-9E5B-898148BA7439}.Release|x64.ActiveCfg = Release|Any CPU
		{5BF0FE65-2368-4358-9E5B-898148BA7439}.Release|x64.Build.0 = Release|Any CPU
		{5BF0FE65-2368-4358-9E5B-898148BA7439}.Release|x86.ActiveCfg = Release|Any CPU
		{5BF0FE65-2368-4358-9E5B-898148BA7439}.Release|x86.Build.0 = Release|Any CPU
		{B8392BC3-A0A8-4F15-A89D-F298DAF612B7}.Debug|Any CPU.ActiveCfg = Debug|Any CPU
		{B8392BC3-A0A8-4F15-A89D-F298DAF612B7}.Debug|Any CPU.Build.0 = Debug|Any CPU
		{B8392BC3-A0A8-4F15-A89D-F298DAF612B7}.Debug|x64.ActiveCfg = Debug|Any CPU
		{B8392BC3-A0A8-4F15-A89D-F298DAF612B7}.Debug|x64.Build.0 = Debug|Any CPU
		{B8392BC3-A0A8-4F15-A89D-F298DAF612B7}.Debug|x86.ActiveCfg = Debug|Any CPU
		{B8392BC3-A0A8-4F15-A89D-F298DAF612B7}.Debug|x86.Build.0 = Debug|Any CPU
		{B8392BC3-A0A8-4F15-A89D-F298DAF612B7}.Release|Any CPU.ActiveCfg = Release|Any CPU
		{B8392BC3-A0A8-4F15-A89D-F298DAF612B7}.Release|Any CPU.Build.0 = Release|Any CPU
		{B8392BC3-A0A8-4F15-A89D-F298DAF612B7}.Release|x64.ActiveCfg = Release|Any CPU
		{B8392BC3-A0A8-4F15-A89D-F298DAF612B7}.Release|x64.Build.0 = Release|Any CPU
		{B8392BC3-A0A8-4F15-A89D-F298DAF612B7}.Release|x86.ActiveCfg = Release|Any CPU
		{B8392BC3-A0A8-4F15-A89D-F298DAF612B7}.Release|x86.Build.0 = Release|Any CPU
		{D62A0348-9F66-4260-8F71-EEEFEBC0A79A}.Debug|Any CPU.ActiveCfg = Debug|Any CPU
		{D62A0348-9F66-4260-8F71-EEEFEBC0A79A}.Debug|Any CPU.Build.0 = Debug|Any CPU
		{D62A0348-9F66-4260-8F71-EEEFEBC0A79A}.Debug|x64.ActiveCfg = Debug|Any CPU
		{D62A0348-9F66-4260-8F71-EEEFEBC0A79A}.Debug|x64.Build.0 = Debug|Any CPU
		{D62A0348-9F66-4260-8F71-EEEFEBC0A79A}.Debug|x86.ActiveCfg = Debug|Any CPU
		{D62A0348-9F66-4260-8F71-EEEFEBC0A79A}.Debug|x86.Build.0 = Debug|Any CPU
		{D62A0348-9F66-4260-8F71-EEEFEBC0A79A}.Release|Any CPU.ActiveCfg = Release|Any CPU
		{D62A0348-9F66-4260-8F71-EEEFEBC0A79A}.Release|Any CPU.Build.0 = Release|Any CPU
		{D62A0348-9F66-4260-8F71-EEEFEBC0A79A}.Release|x64.ActiveCfg = Release|Any CPU
		{D62A0348-9F66-4260-8F71-EEEFEBC0A79A}.Release|x64.Build.0 = Release|Any CPU
		{D62A0348-9F66-4260-8F71-EEEFEBC0A79A}.Release|x86.ActiveCfg = Release|Any CPU
		{D62A0348-9F66-4260-8F71-EEEFEBC0A79A}.Release|x86.Build.0 = Release|Any CPU
		{47102F2E-FDB1-4C27-9DA3-54586E63282F}.Debug|Any CPU.ActiveCfg = Debug|Any CPU
		{47102F2E-FDB1-4C27-9DA3-54586E63282F}.Debug|Any CPU.Build.0 = Debug|Any CPU
		{47102F2E-FDB1-4C27-9DA3-54586E63282F}.Debug|x64.ActiveCfg = Debug|Any CPU
		{47102F2E-FDB1-4C27-9DA3-54586E63282F}.Debug|x64.Build.0 = Debug|Any CPU
		{47102F2E-FDB1-4C27-9DA3-54586E63282F}.Debug|x86.ActiveCfg = Debug|Any CPU
		{47102F2E-FDB1-4C27-9DA3-54586E63282F}.Debug|x86.Build.0 = Debug|Any CPU
		{47102F2E-FDB1-4C27-9DA3-54586E63282F}.Release|Any CPU.ActiveCfg = Release|Any CPU
		{47102F2E-FDB1-4C27-9DA3-54586E63282F}.Release|Any CPU.Build.0 = Release|Any CPU
		{47102F2E-FDB1-4C27-9DA3-54586E63282F}.Release|x64.ActiveCfg = Release|Any CPU
		{47102F2E-FDB1-4C27-9DA3-54586E63282F}.Release|x64.Build.0 = Release|Any CPU
		{47102F2E-FDB1-4C27-9DA3-54586E63282F}.Release|x86.ActiveCfg = Release|Any CPU
		{47102F2E-FDB1-4C27-9DA3-54586E63282F}.Release|x86.Build.0 = Release|Any CPU
		{12DF9559-52D6-4D6C-9E52-D4C190BFC9F0}.Debug|Any CPU.ActiveCfg = Debug|Any CPU
		{12DF9559-52D6-4D6C-9E52-D4C190BFC9F0}.Debug|Any CPU.Build.0 = Debug|Any CPU
		{12DF9559-52D6-4D6C-9E52-D4C190BFC9F0}.Debug|x64.ActiveCfg = Debug|Any CPU
		{12DF9559-52D6-4D6C-9E52-D4C190BFC9F0}.Debug|x64.Build.0 = Debug|Any CPU
		{12DF9559-52D6-4D6C-9E52-D4C190BFC9F0}.Debug|x86.ActiveCfg = Debug|Any CPU
		{12DF9559-52D6-4D6C-9E52-D4C190BFC9F0}.Debug|x86.Build.0 = Debug|Any CPU
		{12DF9559-52D6-4D6C-9E52-D4C190BFC9F0}.Release|Any CPU.ActiveCfg = Release|Any CPU
		{12DF9559-52D6-4D6C-9E52-D4C190BFC9F0}.Release|Any CPU.Build.0 = Release|Any CPU
		{12DF9559-52D6-4D6C-9E52-D4C190BFC9F0}.Release|x64.ActiveCfg = Release|Any CPU
		{12DF9559-52D6-4D6C-9E52-D4C190BFC9F0}.Release|x64.Build.0 = Release|Any CPU
		{12DF9559-52D6-4D6C-9E52-D4C190BFC9F0}.Release|x86.ActiveCfg = Release|Any CPU
		{12DF9559-52D6-4D6C-9E52-D4C190BFC9F0}.Release|x86.Build.0 = Release|Any CPU
		{DE9ED7E9-AA6F-43C5-8BF1-7019E9862027}.Debug|Any CPU.ActiveCfg = Debug|Any CPU
		{DE9ED7E9-AA6F-43C5-8BF1-7019E9862027}.Debug|Any CPU.Build.0 = Debug|Any CPU
		{DE9ED7E9-AA6F-43C5-8BF1-7019E9862027}.Debug|x64.ActiveCfg = Debug|Any CPU
		{DE9ED7E9-AA6F-43C5-8BF1-7019E9862027}.Debug|x64.Build.0 = Debug|Any CPU
		{DE9ED7E9-AA6F-43C5-8BF1-7019E9862027}.Debug|x86.ActiveCfg = Debug|Any CPU
		{DE9ED7E9-AA6F-43C5-8BF1-7019E9862027}.Debug|x86.Build.0 = Debug|Any CPU
		{DE9ED7E9-AA6F-43C5-8BF1-7019E9862027}.Release|Any CPU.ActiveCfg = Release|Any CPU
		{DE9ED7E9-AA6F-43C5-8BF1-7019E9862027}.Release|Any CPU.Build.0 = Release|Any CPU
		{DE9ED7E9-AA6F-43C5-8BF1-7019E9862027}.Release|x64.ActiveCfg = Release|Any CPU
		{DE9ED7E9-AA6F-43C5-8BF1-7019E9862027}.Release|x64.Build.0 = Release|Any CPU
		{DE9ED7E9-AA6F-43C5-8BF1-7019E9862027}.Release|x86.ActiveCfg = Release|Any CPU
		{DE9ED7E9-AA6F-43C5-8BF1-7019E9862027}.Release|x86.Build.0 = Release|Any CPU
		{5FA1E713-8883-480D-B98F-B440571B2FC8}.Debug|Any CPU.ActiveCfg = Debug|Any CPU
		{5FA1E713-8883-480D-B98F-B440571B2FC8}.Debug|Any CPU.Build.0 = Debug|Any CPU
		{5FA1E713-8883-480D-B98F-B440571B2FC8}.Debug|x64.ActiveCfg = Debug|Any CPU
		{5FA1E713-8883-480D-B98F-B440571B2FC8}.Debug|x64.Build.0 = Debug|Any CPU
		{5FA1E713-8883-480D-B98F-B440571B2FC8}.Debug|x86.ActiveCfg = Debug|Any CPU
		{5FA1E713-8883-480D-B98F-B440571B2FC8}.Debug|x86.Build.0 = Debug|Any CPU
		{5FA1E713-8883-480D-B98F-B440571B2FC8}.Release|Any CPU.ActiveCfg = Release|Any CPU
		{5FA1E713-8883-480D-B98F-B440571B2FC8}.Release|Any CPU.Build.0 = Release|Any CPU
		{5FA1E713-8883-480D-B98F-B440571B2FC8}.Release|x64.ActiveCfg = Release|Any CPU
		{5FA1E713-8883-480D-B98F-B440571B2FC8}.Release|x64.Build.0 = Release|Any CPU
		{5FA1E713-8883-480D-B98F-B440571B2FC8}.Release|x86.ActiveCfg = Release|Any CPU
		{5FA1E713-8883-480D-B98F-B440571B2FC8}.Release|x86.Build.0 = Release|Any CPU
		{96144AA9-567A-4216-8DE7-303FC159CE66}.Debug|Any CPU.ActiveCfg = Debug|Any CPU
		{96144AA9-567A-4216-8DE7-303FC159CE66}.Debug|Any CPU.Build.0 = Debug|Any CPU
		{96144AA9-567A-4216-8DE7-303FC159CE66}.Debug|x64.ActiveCfg = Debug|Any CPU
		{96144AA9-567A-4216-8DE7-303FC159CE66}.Debug|x64.Build.0 = Debug|Any CPU
		{96144AA9-567A-4216-8DE7-303FC159CE66}.Debug|x86.ActiveCfg = Debug|Any CPU
		{96144AA9-567A-4216-8DE7-303FC159CE66}.Debug|x86.Build.0 = Debug|Any CPU
		{96144AA9-567A-4216-8DE7-303FC159CE66}.Release|Any CPU.ActiveCfg = Release|Any CPU
		{96144AA9-567A-4216-8DE7-303FC159CE66}.Release|Any CPU.Build.0 = Release|Any CPU
		{96144AA9-567A-4216-8DE7-303FC159CE66}.Release|x64.ActiveCfg = Release|Any CPU
		{96144AA9-567A-4216-8DE7-303FC159CE66}.Release|x64.Build.0 = Release|Any CPU
		{96144AA9-567A-4216-8DE7-303FC159CE66}.Release|x86.ActiveCfg = Release|Any CPU
		{96144AA9-567A-4216-8DE7-303FC159CE66}.Release|x86.Build.0 = Release|Any CPU
		{604A07E2-669E-4FD0-B1B1-C0BA8045F322}.Debug|Any CPU.ActiveCfg = Debug|Any CPU
		{604A07E2-669E-4FD0-B1B1-C0BA8045F322}.Debug|Any CPU.Build.0 = Debug|Any CPU
		{604A07E2-669E-4FD0-B1B1-C0BA8045F322}.Debug|x64.ActiveCfg = Debug|Any CPU
		{604A07E2-669E-4FD0-B1B1-C0BA8045F322}.Debug|x64.Build.0 = Debug|Any CPU
		{604A07E2-669E-4FD0-B1B1-C0BA8045F322}.Debug|x86.ActiveCfg = Debug|Any CPU
		{604A07E2-669E-4FD0-B1B1-C0BA8045F322}.Debug|x86.Build.0 = Debug|Any CPU
		{604A07E2-669E-4FD0-B1B1-C0BA8045F322}.Release|Any CPU.ActiveCfg = Release|Any CPU
		{604A07E2-669E-4FD0-B1B1-C0BA8045F322}.Release|Any CPU.Build.0 = Release|Any CPU
		{604A07E2-669E-4FD0-B1B1-C0BA8045F322}.Release|x64.ActiveCfg = Release|Any CPU
		{604A07E2-669E-4FD0-B1B1-C0BA8045F322}.Release|x64.Build.0 = Release|Any CPU
		{604A07E2-669E-4FD0-B1B1-C0BA8045F322}.Release|x86.ActiveCfg = Release|Any CPU
		{604A07E2-669E-4FD0-B1B1-C0BA8045F322}.Release|x86.Build.0 = Release|Any CPU
		{86F83CE7-79BE-4A29-940B-D8E2FA3E0F24}.Debug|Any CPU.ActiveCfg = Debug|Any CPU
		{86F83CE7-79BE-4A29-940B-D8E2FA3E0F24}.Debug|Any CPU.Build.0 = Debug|Any CPU
		{86F83CE7-79BE-4A29-940B-D8E2FA3E0F24}.Debug|x64.ActiveCfg = Debug|Any CPU
		{86F83CE7-79BE-4A29-940B-D8E2FA3E0F24}.Debug|x64.Build.0 = Debug|Any CPU
		{86F83CE7-79BE-4A29-940B-D8E2FA3E0F24}.Debug|x86.ActiveCfg = Debug|Any CPU
		{86F83CE7-79BE-4A29-940B-D8E2FA3E0F24}.Debug|x86.Build.0 = Debug|Any CPU
		{86F83CE7-79BE-4A29-940B-D8E2FA3E0F24}.Release|Any CPU.ActiveCfg = Release|Any CPU
		{86F83CE7-79BE-4A29-940B-D8E2FA3E0F24}.Release|Any CPU.Build.0 = Release|Any CPU
		{86F83CE7-79BE-4A29-940B-D8E2FA3E0F24}.Release|x64.ActiveCfg = Release|Any CPU
		{86F83CE7-79BE-4A29-940B-D8E2FA3E0F24}.Release|x64.Build.0 = Release|Any CPU
		{86F83CE7-79BE-4A29-940B-D8E2FA3E0F24}.Release|x86.ActiveCfg = Release|Any CPU
		{86F83CE7-79BE-4A29-940B-D8E2FA3E0F24}.Release|x86.Build.0 = Release|Any CPU
		{AD5E4D41-EEB0-4DEC-B25C-110E6E1F1095}.Debug|Any CPU.ActiveCfg = Debug|Any CPU
		{AD5E4D41-EEB0-4DEC-B25C-110E6E1F1095}.Debug|Any CPU.Build.0 = Debug|Any CPU
		{AD5E4D41-EEB0-4DEC-B25C-110E6E1F1095}.Debug|x64.ActiveCfg = Debug|Any CPU
		{AD5E4D41-EEB0-4DEC-B25C-110E6E1F1095}.Debug|x64.Build.0 = Debug|Any CPU
		{AD5E4D41-EEB0-4DEC-B25C-110E6E1F1095}.Debug|x86.ActiveCfg = Debug|Any CPU
		{AD5E4D41-EEB0-4DEC-B25C-110E6E1F1095}.Debug|x86.Build.0 = Debug|Any CPU
		{AD5E4D41-EEB0-4DEC-B25C-110E6E1F1095}.Release|Any CPU.ActiveCfg = Release|Any CPU
		{AD5E4D41-EEB0-4DEC-B25C-110E6E1F1095}.Release|Any CPU.Build.0 = Release|Any CPU
		{AD5E4D41-EEB0-4DEC-B25C-110E6E1F1095}.Release|x64.ActiveCfg = Release|Any CPU
		{AD5E4D41-EEB0-4DEC-B25C-110E6E1F1095}.Release|x64.Build.0 = Release|Any CPU
		{AD5E4D41-EEB0-4DEC-B25C-110E6E1F1095}.Release|x86.ActiveCfg = Release|Any CPU
		{AD5E4D41-EEB0-4DEC-B25C-110E6E1F1095}.Release|x86.Build.0 = Release|Any CPU
		{78A60F81-EAF4-4D92-B1F8-3712128B1E70}.Debug|Any CPU.ActiveCfg = Debug|Any CPU
		{78A60F81-EAF4-4D92-B1F8-3712128B1E70}.Debug|Any CPU.Build.0 = Debug|Any CPU
		{78A60F81-EAF4-4D92-B1F8-3712128B1E70}.Debug|x64.ActiveCfg = Debug|Any CPU
		{78A60F81-EAF4-4D92-B1F8-3712128B1E70}.Debug|x64.Build.0 = Debug|Any CPU
		{78A60F81-EAF4-4D92-B1F8-3712128B1E70}.Debug|x86.ActiveCfg = Debug|Any CPU
		{78A60F81-EAF4-4D92-B1F8-3712128B1E70}.Debug|x86.Build.0 = Debug|Any CPU
		{78A60F81-EAF4-4D92-B1F8-3712128B1E70}.Release|Any CPU.ActiveCfg = Release|Any CPU
		{78A60F81-EAF4-4D92-B1F8-3712128B1E70}.Release|Any CPU.Build.0 = Release|Any CPU
		{78A60F81-EAF4-4D92-B1F8-3712128B1E70}.Release|x64.ActiveCfg = Release|Any CPU
		{78A60F81-EAF4-4D92-B1F8-3712128B1E70}.Release|x64.Build.0 = Release|Any CPU
		{78A60F81-EAF4-4D92-B1F8-3712128B1E70}.Release|x86.ActiveCfg = Release|Any CPU
		{78A60F81-EAF4-4D92-B1F8-3712128B1E70}.Release|x86.Build.0 = Release|Any CPU
		{8B447D9D-2BC6-488A-AE6D-A70493B7E453}.Debug|Any CPU.ActiveCfg = Debug|Any CPU
		{8B447D9D-2BC6-488A-AE6D-A70493B7E453}.Debug|Any CPU.Build.0 = Debug|Any CPU
		{8B447D9D-2BC6-488A-AE6D-A70493B7E453}.Debug|x64.ActiveCfg = Debug|Any CPU
		{8B447D9D-2BC6-488A-AE6D-A70493B7E453}.Debug|x64.Build.0 = Debug|Any CPU
		{8B447D9D-2BC6-488A-AE6D-A70493B7E453}.Debug|x86.ActiveCfg = Debug|Any CPU
		{8B447D9D-2BC6-488A-AE6D-A70493B7E453}.Debug|x86.Build.0 = Debug|Any CPU
		{8B447D9D-2BC6-488A-AE6D-A70493B7E453}.Release|Any CPU.ActiveCfg = Release|Any CPU
		{8B447D9D-2BC6-488A-AE6D-A70493B7E453}.Release|Any CPU.Build.0 = Release|Any CPU
		{8B447D9D-2BC6-488A-AE6D-A70493B7E453}.Release|x64.ActiveCfg = Release|Any CPU
		{8B447D9D-2BC6-488A-AE6D-A70493B7E453}.Release|x64.Build.0 = Release|Any CPU
		{8B447D9D-2BC6-488A-AE6D-A70493B7E453}.Release|x86.ActiveCfg = Release|Any CPU
		{8B447D9D-2BC6-488A-AE6D-A70493B7E453}.Release|x86.Build.0 = Release|Any CPU
		{E15A8DB8-BD05-4707-BDAF-2D69D55551E7}.Debug|Any CPU.ActiveCfg = Debug|Any CPU
		{E15A8DB8-BD05-4707-BDAF-2D69D55551E7}.Debug|Any CPU.Build.0 = Debug|Any CPU
		{E15A8DB8-BD05-4707-BDAF-2D69D55551E7}.Debug|x64.ActiveCfg = Debug|Any CPU
		{E15A8DB8-BD05-4707-BDAF-2D69D55551E7}.Debug|x64.Build.0 = Debug|Any CPU
		{E15A8DB8-BD05-4707-BDAF-2D69D55551E7}.Debug|x86.ActiveCfg = Debug|Any CPU
		{E15A8DB8-BD05-4707-BDAF-2D69D55551E7}.Debug|x86.Build.0 = Debug|Any CPU
		{E15A8DB8-BD05-4707-BDAF-2D69D55551E7}.Release|Any CPU.ActiveCfg = Release|Any CPU
		{E15A8DB8-BD05-4707-BDAF-2D69D55551E7}.Release|Any CPU.Build.0 = Release|Any CPU
		{E15A8DB8-BD05-4707-BDAF-2D69D55551E7}.Release|x64.ActiveCfg = Release|Any CPU
		{E15A8DB8-BD05-4707-BDAF-2D69D55551E7}.Release|x64.Build.0 = Release|Any CPU
		{E15A8DB8-BD05-4707-BDAF-2D69D55551E7}.Release|x86.ActiveCfg = Release|Any CPU
		{E15A8DB8-BD05-4707-BDAF-2D69D55551E7}.Release|x86.Build.0 = Release|Any CPU
		{D365B826-9D6D-478D-814B-4A278388EE30}.Debug|Any CPU.ActiveCfg = Debug|Any CPU
		{D365B826-9D6D-478D-814B-4A278388EE30}.Debug|Any CPU.Build.0 = Debug|Any CPU
		{D365B826-9D6D-478D-814B-4A278388EE30}.Debug|x64.ActiveCfg = Debug|Any CPU
		{D365B826-9D6D-478D-814B-4A278388EE30}.Debug|x64.Build.0 = Debug|Any CPU
		{D365B826-9D6D-478D-814B-4A278388EE30}.Debug|x86.ActiveCfg = Debug|Any CPU
		{D365B826-9D6D-478D-814B-4A278388EE30}.Debug|x86.Build.0 = Debug|Any CPU
		{D365B826-9D6D-478D-814B-4A278388EE30}.Release|Any CPU.ActiveCfg = Release|Any CPU
		{D365B826-9D6D-478D-814B-4A278388EE30}.Release|Any CPU.Build.0 = Release|Any CPU
		{D365B826-9D6D-478D-814B-4A278388EE30}.Release|x64.ActiveCfg = Release|Any CPU
		{D365B826-9D6D-478D-814B-4A278388EE30}.Release|x64.Build.0 = Release|Any CPU
		{D365B826-9D6D-478D-814B-4A278388EE30}.Release|x86.ActiveCfg = Release|Any CPU
		{D365B826-9D6D-478D-814B-4A278388EE30}.Release|x86.Build.0 = Release|Any CPU
		{9BE06C87-4E75-47B8-B1C6-C982C5B23F49}.Debug|Any CPU.ActiveCfg = Debug|Any CPU
		{9BE06C87-4E75-47B8-B1C6-C982C5B23F49}.Debug|Any CPU.Build.0 = Debug|Any CPU
		{9BE06C87-4E75-47B8-B1C6-C982C5B23F49}.Debug|x64.ActiveCfg = Debug|Any CPU
		{9BE06C87-4E75-47B8-B1C6-C982C5B23F49}.Debug|x64.Build.0 = Debug|Any CPU
		{9BE06C87-4E75-47B8-B1C6-C982C5B23F49}.Debug|x86.ActiveCfg = Debug|Any CPU
		{9BE06C87-4E75-47B8-B1C6-C982C5B23F49}.Debug|x86.Build.0 = Debug|Any CPU
		{9BE06C87-4E75-47B8-B1C6-C982C5B23F49}.Release|Any CPU.ActiveCfg = Release|Any CPU
		{9BE06C87-4E75-47B8-B1C6-C982C5B23F49}.Release|Any CPU.Build.0 = Release|Any CPU
		{9BE06C87-4E75-47B8-B1C6-C982C5B23F49}.Release|x64.ActiveCfg = Release|Any CPU
		{9BE06C87-4E75-47B8-B1C6-C982C5B23F49}.Release|x64.Build.0 = Release|Any CPU
		{9BE06C87-4E75-47B8-B1C6-C982C5B23F49}.Release|x86.ActiveCfg = Release|Any CPU
		{9BE06C87-4E75-47B8-B1C6-C982C5B23F49}.Release|x86.Build.0 = Release|Any CPU
		{991AEBA5-B07B-466F-A891-0A9E6D98A55D}.Debug|Any CPU.ActiveCfg = Debug|Any CPU
		{991AEBA5-B07B-466F-A891-0A9E6D98A55D}.Debug|Any CPU.Build.0 = Debug|Any CPU
		{991AEBA5-B07B-466F-A891-0A9E6D98A55D}.Debug|x64.ActiveCfg = Debug|Any CPU
		{991AEBA5-B07B-466F-A891-0A9E6D98A55D}.Debug|x64.Build.0 = Debug|Any CPU
		{991AEBA5-B07B-466F-A891-0A9E6D98A55D}.Debug|x86.ActiveCfg = Debug|Any CPU
		{991AEBA5-B07B-466F-A891-0A9E6D98A55D}.Debug|x86.Build.0 = Debug|Any CPU
		{991AEBA5-B07B-466F-A891-0A9E6D98A55D}.Release|Any CPU.ActiveCfg = Release|Any CPU
		{991AEBA5-B07B-466F-A891-0A9E6D98A55D}.Release|Any CPU.Build.0 = Release|Any CPU
		{991AEBA5-B07B-466F-A891-0A9E6D98A55D}.Release|x64.ActiveCfg = Release|Any CPU
		{991AEBA5-B07B-466F-A891-0A9E6D98A55D}.Release|x64.Build.0 = Release|Any CPU
		{991AEBA5-B07B-466F-A891-0A9E6D98A55D}.Release|x86.ActiveCfg = Release|Any CPU
		{991AEBA5-B07B-466F-A891-0A9E6D98A55D}.Release|x86.Build.0 = Release|Any CPU
		{2BE477E9-FA10-4053-865B-2CAF1CC880CE}.Debug|Any CPU.ActiveCfg = Debug|Any CPU
		{2BE477E9-FA10-4053-865B-2CAF1CC880CE}.Debug|Any CPU.Build.0 = Debug|Any CPU
		{2BE477E9-FA10-4053-865B-2CAF1CC880CE}.Debug|x64.ActiveCfg = Debug|Any CPU
		{2BE477E9-FA10-4053-865B-2CAF1CC880CE}.Debug|x64.Build.0 = Debug|Any CPU
		{2BE477E9-FA10-4053-865B-2CAF1CC880CE}.Debug|x86.ActiveCfg = Debug|Any CPU
		{2BE477E9-FA10-4053-865B-2CAF1CC880CE}.Debug|x86.Build.0 = Debug|Any CPU
		{2BE477E9-FA10-4053-865B-2CAF1CC880CE}.Release|Any CPU.ActiveCfg = Release|Any CPU
		{2BE477E9-FA10-4053-865B-2CAF1CC880CE}.Release|Any CPU.Build.0 = Release|Any CPU
		{2BE477E9-FA10-4053-865B-2CAF1CC880CE}.Release|x64.ActiveCfg = Release|Any CPU
		{2BE477E9-FA10-4053-865B-2CAF1CC880CE}.Release|x64.Build.0 = Release|Any CPU
		{2BE477E9-FA10-4053-865B-2CAF1CC880CE}.Release|x86.ActiveCfg = Release|Any CPU
		{2BE477E9-FA10-4053-865B-2CAF1CC880CE}.Release|x86.Build.0 = Release|Any CPU
		{73C41C7F-EEFF-454A-BDA4-6D8271EE2DA1}.Debug|Any CPU.ActiveCfg = Debug|Any CPU
		{73C41C7F-EEFF-454A-BDA4-6D8271EE2DA1}.Debug|Any CPU.Build.0 = Debug|Any CPU
		{73C41C7F-EEFF-454A-BDA4-6D8271EE2DA1}.Debug|x64.ActiveCfg = Debug|Any CPU
		{73C41C7F-EEFF-454A-BDA4-6D8271EE2DA1}.Debug|x64.Build.0 = Debug|Any CPU
		{73C41C7F-EEFF-454A-BDA4-6D8271EE2DA1}.Debug|x86.ActiveCfg = Debug|Any CPU
		{73C41C7F-EEFF-454A-BDA4-6D8271EE2DA1}.Debug|x86.Build.0 = Debug|Any CPU
		{73C41C7F-EEFF-454A-BDA4-6D8271EE2DA1}.Release|Any CPU.ActiveCfg = Release|Any CPU
		{73C41C7F-EEFF-454A-BDA4-6D8271EE2DA1}.Release|Any CPU.Build.0 = Release|Any CPU
		{73C41C7F-EEFF-454A-BDA4-6D8271EE2DA1}.Release|x64.ActiveCfg = Release|Any CPU
		{73C41C7F-EEFF-454A-BDA4-6D8271EE2DA1}.Release|x64.Build.0 = Release|Any CPU
		{73C41C7F-EEFF-454A-BDA4-6D8271EE2DA1}.Release|x86.ActiveCfg = Release|Any CPU
		{73C41C7F-EEFF-454A-BDA4-6D8271EE2DA1}.Release|x86.Build.0 = Release|Any CPU
		{7713270B-201B-462B-A234-CD26C39A2086}.Debug|Any CPU.ActiveCfg = Debug|Any CPU
		{7713270B-201B-462B-A234-CD26C39A2086}.Debug|Any CPU.Build.0 = Debug|Any CPU
		{7713270B-201B-462B-A234-CD26C39A2086}.Debug|x64.ActiveCfg = Debug|Any CPU
		{7713270B-201B-462B-A234-CD26C39A2086}.Debug|x64.Build.0 = Debug|Any CPU
		{7713270B-201B-462B-A234-CD26C39A2086}.Debug|x86.ActiveCfg = Debug|Any CPU
		{7713270B-201B-462B-A234-CD26C39A2086}.Debug|x86.Build.0 = Debug|Any CPU
		{7713270B-201B-462B-A234-CD26C39A2086}.Release|Any CPU.ActiveCfg = Release|Any CPU
		{7713270B-201B-462B-A234-CD26C39A2086}.Release|Any CPU.Build.0 = Release|Any CPU
		{7713270B-201B-462B-A234-CD26C39A2086}.Release|x64.ActiveCfg = Release|Any CPU
		{7713270B-201B-462B-A234-CD26C39A2086}.Release|x64.Build.0 = Release|Any CPU
		{7713270B-201B-462B-A234-CD26C39A2086}.Release|x86.ActiveCfg = Release|Any CPU
		{7713270B-201B-462B-A234-CD26C39A2086}.Release|x86.Build.0 = Release|Any CPU
		{36D0D04A-7F45-4495-879E-DFDE1FBF6C70}.Debug|Any CPU.ActiveCfg = Debug|Any CPU
		{36D0D04A-7F45-4495-879E-DFDE1FBF6C70}.Debug|Any CPU.Build.0 = Debug|Any CPU
		{36D0D04A-7F45-4495-879E-DFDE1FBF6C70}.Debug|x64.ActiveCfg = Debug|Any CPU
		{36D0D04A-7F45-4495-879E-DFDE1FBF6C70}.Debug|x64.Build.0 = Debug|Any CPU
		{36D0D04A-7F45-4495-879E-DFDE1FBF6C70}.Debug|x86.ActiveCfg = Debug|Any CPU
		{36D0D04A-7F45-4495-879E-DFDE1FBF6C70}.Debug|x86.Build.0 = Debug|Any CPU
		{36D0D04A-7F45-4495-879E-DFDE1FBF6C70}.Release|Any CPU.ActiveCfg = Release|Any CPU
		{36D0D04A-7F45-4495-879E-DFDE1FBF6C70}.Release|Any CPU.Build.0 = Release|Any CPU
		{36D0D04A-7F45-4495-879E-DFDE1FBF6C70}.Release|x64.ActiveCfg = Release|Any CPU
		{36D0D04A-7F45-4495-879E-DFDE1FBF6C70}.Release|x64.Build.0 = Release|Any CPU
		{36D0D04A-7F45-4495-879E-DFDE1FBF6C70}.Release|x86.ActiveCfg = Release|Any CPU
		{36D0D04A-7F45-4495-879E-DFDE1FBF6C70}.Release|x86.Build.0 = Release|Any CPU
	EndGlobalSection
	GlobalSection(NestedProjects) = preSolution
		{5BF0FE65-2368-4358-9E5B-898148BA7439} = {88CA3BF9-EA67-411C-9C6B-C751776E1866}
		{B8392BC3-A0A8-4F15-A89D-F298DAF612B7} = {88CA3BF9-EA67-411C-9C6B-C751776E1866}
		{D94C04D0-D7B1-4548-86D5-66F49C1F1407} = {88CA3BF9-EA67-411C-9C6B-C751776E1866}
		{D62A0348-9F66-4260-8F71-EEEFEBC0A79A} = {D94C04D0-D7B1-4548-86D5-66F49C1F1407}
		{D43D14A1-3898-4486-9A66-70E646EE25AB} = {88CA3BF9-EA67-411C-9C6B-C751776E1866}
		{47102F2E-FDB1-4C27-9DA3-54586E63282F} = {D43D14A1-3898-4486-9A66-70E646EE25AB}
		{5C3D530B-AA45-471A-8B86-B7310C99192E} = {88CA3BF9-EA67-411C-9C6B-C751776E1866}
		{12DF9559-52D6-4D6C-9E52-D4C190BFC9F0} = {5C3D530B-AA45-471A-8B86-B7310C99192E}
		{DE9ED7E9-AA6F-43C5-8BF1-7019E9862027} = {D43D14A1-3898-4486-9A66-70E646EE25AB}
		{5FA1E713-8883-480D-B98F-B440571B2FC8} = {D94C04D0-D7B1-4548-86D5-66F49C1F1407}
		{96144AA9-567A-4216-8DE7-303FC159CE66} = {5C3D530B-AA45-471A-8B86-B7310C99192E}
		{604A07E2-669E-4FD0-B1B1-C0BA8045F322} = {D94C04D0-D7B1-4548-86D5-66F49C1F1407}
		{86F83CE7-79BE-4A29-940B-D8E2FA3E0F24} = {D94C04D0-D7B1-4548-86D5-66F49C1F1407}
		{AD5E4D41-EEB0-4DEC-B25C-110E6E1F1095} = {D94C04D0-D7B1-4548-86D5-66F49C1F1407}
		{78A60F81-EAF4-4D92-B1F8-3712128B1E70} = {D43D14A1-3898-4486-9A66-70E646EE25AB}
		{7A77E506-AF21-4F7B-8613-0EA441C8BEC4} = {88CA3BF9-EA67-411C-9C6B-C751776E1866}
		{8B447D9D-2BC6-488A-AE6D-A70493B7E453} = {7A77E506-AF21-4F7B-8613-0EA441C8BEC4}
		{0756CA20-A080-45D1-B36B-9E83AE53DF18} = {88CA3BF9-EA67-411C-9C6B-C751776E1866}
		{E15A8DB8-BD05-4707-BDAF-2D69D55551E7} = {0756CA20-A080-45D1-B36B-9E83AE53DF18}
		{D365B826-9D6D-478D-814B-4A278388EE30} = {0756CA20-A080-45D1-B36B-9E83AE53DF18}
		{9BE06C87-4E75-47B8-B1C6-C982C5B23F49} = {7817B3F3-166F-4226-A208-51A7BB2DCB3C}
		{991AEBA5-B07B-466F-A891-0A9E6D98A55D} = {D94C04D0-D7B1-4548-86D5-66F49C1F1407}
		{2BE477E9-FA10-4053-865B-2CAF1CC880CE} = {7817B3F3-166F-4226-A208-51A7BB2DCB3C}
		{73C41C7F-EEFF-454A-BDA4-6D8271EE2DA1} = {D94C04D0-D7B1-4548-86D5-66F49C1F1407}
		{7713270B-201B-462B-A234-CD26C39A2086} = {D43D14A1-3898-4486-9A66-70E646EE25AB}
		{36D0D04A-7F45-4495-879E-DFDE1FBF6C70} = {D43D14A1-3898-4486-9A66-70E646EE25AB}
	EndGlobalSection
EndGlobal
